{
  "requires": true,
  "lockfileVersion": 1,
  "dependencies": {
    "tinymce": {
      "version": "5.1.4",
      "resolved": "https://registry.npmjs.org/tinymce/-/tinymce-5.1.4.tgz",
      "integrity": "sha512-Y7JYnByNF2A4BzR2KIbKEQV90PHZ5OwsU5An1Qj1zbSI8aXCOOhffL04LqlGw5UP/ookaC/V9V41H5XJbp/l9w=="
    }
  }
}
